<?xml version="1.0" encoding="utf-8"?>
<Project ToolsVersion="4.0" xmlns="http://schemas.microsoft.com/developer/msbuild/2003">
  <ItemGroup>
    <Filter Include="Source Files">
      <UniqueIdentifier>{4FC737F1-C7A5-4376-A066-2A32D752A2FF}</UniqueIdentifier>
      <Extensions>cpp;c;cc;cxx;c++;cppm;ixx;def;odl;idl;hpj;bat;asm;asmx</Extensions>
    </Filter>
    <Filter Include="Header Files">
      <UniqueIdentifier>{93995380-89BD-4b04-88EB-625FBE52EBFB}</UniqueIdentifier>
      <Extensions>h;hh;hpp;hxx;h++;hm;inl;inc;ipp;xsd</Extensions>
    </Filter>
    <Filter Include="Source Files\imgui-docking">
      <UniqueIdentifier>{29cae6ce-aaf6-4904-b0cf-b072434adac7}</UniqueIdentifier>
    </Filter>
    <Filter Include="Header Files\imgui-docking">
      <UniqueIdentifier>{68c5db2b-b803-4cb3-ba8a-bc9bc3337dc2}</UniqueIdentifier>
    </Filter>
    <Filter Include="Header Files\src">
      <UniqueIdentifier>{9eb6b57e-0573-4fff-9292-648bb68db9ae}</UniqueIdentifier>
    </Filter>
    <Filter Include="Source Files\src">
      <UniqueIdentifier>{64e09651-597c-42be-85f4-50655e515ce3}</UniqueIdentifier>
    </Filter>
    <Filter Include="Header Files\stb_image">
      <UniqueIdentifier>{20e7ab80-33ee-40c4-b98a-38507aa3170c}</UniqueIdentifier>
    </Filter>
  </ItemGroup>
  <ItemGroup>
    <ClCompile Include="main.cpp">
      <Filter>Source Files</Filter>
    </ClCompile>
    <ClCompile Include="vendor\imgui-docking\imgui.cpp">
      <Filter>Source Files\imgui-docking</Filter>
    </ClCompile>
    <ClCompile Include="vendor\imgui-docking\imgui_demo.cpp">
      <Filter>Source Files\imgui-docking</Filter>
    </ClCompile>
    <ClCompile Include="vendor\imgui-docking\imgui_draw.cpp">
      <Filter>Source Files\imgui-docking</Filter>
    </ClCompile>
    <ClCompile Include="vendor\imgui-docking\imgui_impl_dx11.cpp">
      <Filter>Source Files\imgui-docking</Filter>
    </ClCompile>
    <ClCompile Include="vendor\imgui-docking\imgui_impl_win32.cpp">
      <Filter>Source Files\imgui-docking</Filter>
    </ClCompile>
    <ClCompile Include="vendor\imgui-docking\imgui_tables.cpp">
      <Filter>Source Files\imgui-docking</Filter>
    </ClCompile>
    <ClCompile Include="vendor\imgui-docking\imgui_widgets.cpp">
      <Filter>Source Files\imgui-docking</Filter>
    </ClCompile>
    <ClCompile Include="src\theme.cpp">
      <Filter>Source Files\src</Filter>
    </ClCompile>
    <ClCompile Include="src\DebugManager.cpp">
      <Filter>Source Files\src</Filter>
    </ClCompile>
    <ClCompile Include="src\images.cpp">
      <Filter>Source Files\src</Filter>
    </ClCompile>
    <ClCompile Include="src\FirewallManager.cpp">
      <Filter>Source Files\src</Filter>
    </ClCompile>
    <ClCompile Include="src\DashboardManager.cpp">
      <Filter>Source Files\src</Filter>
    </ClCompile>
    <ClCompile Include="src\AppManager.h">
      <Filter>Header Files\src</Filter>
    </ClCompile>
    <ClCompile Include="src\AppManager.cpp">
      <Filter>Source Files\src</Filter>
    </ClCompile>
  </ItemGroup>
  <ItemGroup>
    <ClInclude Include="vendor\imgui-docking\imconfig.h">
      <Filter>Header Files\imgui-docking</Filter>
    </ClInclude>
    <ClInclude Include="vendor\imgui-docking\imgui.h">
      <Filter>Header Files\imgui-docking</Filter>
    </ClInclude>
    <ClInclude Include="vendor\imgui-docking\imgui_impl_dx11.h">
      <Filter>Header Files\imgui-docking</Filter>
    </ClInclude>
    <ClInclude Include="vendor\imgui-docking\imgui_impl_win32.h">
      <Filter>Header Files\imgui-docking</Filter>
    </ClInclude>
    <ClInclude Include="vendor\imgui-docking\imgui_internal.h">
      <Filter>Header Files\imgui-docking</Filter>
    </ClInclude>
    <ClInclude Include="vendor\imgui-docking\imstb_rectpack.h">
      <Filter>Header Files\imgui-docking</Filter>
    </ClInclude>
    <ClInclude Include="vendor\imgui-docking\imstb_textedit.h">
      <Filter>Header Files\imgui-docking</Filter>
    </ClInclude>
    <ClInclude Include="vendor\imgui-docking\imstb_truetype.h">
      <Filter>Header Files\imgui-docking</Filter>
    </ClInclude>
    <ClInclude Include="resource.h">
      <Filter>Header Files</Filter>
    </ClInclude>
    <ClInclude Include="src\theme.h">
      <Filter>Header Files\src</Filter>
    </ClInclude>
    <ClInclude Include="src\DebugManager.h">
      <Filter>Header Files\src</Filter>
    </ClInclude>
    <ClInclude Include="vendor\stb_image\stb_image.h">
      <Filter>Header Files\stb_image</Filter>
    </ClInclude>
    <ClInclude Include="src\images.h">
      <Filter>Header Files\src</Filter>
    </ClInclude>
    <ClInclude Include="src\_windows_domain.hpp">
      <Filter>Header Files\src</Filter>
    </ClInclude>
    <ClInclude Include="src\_windows_ping.hpp">
      <Filter>Header Files\src</Filter>
    </ClInclude>
    <ClInclude Include="src\_WindowsFirewallUtil.h">
      <Filter>Header Files\src</Filter>
    </ClInclude>
    <ClInclude Include="src\failable.h">
      <Filter>Header Files\src</Filter>
    </ClInclude>
    <ClInclude Include="src\manager.h">
      <Filter>Header Files\src</Filter>
    </ClInclude>
    <ClInclude Include="src\FirewallManager.h">
      <Filter>Header Files\src</Filter>
    </ClInclude>
    <ClInclude Include="src\DashboardManager.h">
      <Filter>Header Files\src</Filter>
    </ClInclude>
    <ClInclude Include="src\components.hpp">
      <Filter>Source Files\src</Filter>
    </ClInclude>
  </ItemGroup>
  <ItemGroup>
    <ResourceCompile Include="dropship.rc" />
  </ItemGroup>
</Project>